// !$*UTF8*$!
{
	archiveVersion = 1;
	classes = {
	};
	objectVersion = 46;
	objects = {

/* Begin PBXBuildFile section */
		040F7FAA1A1FDF4700B17B4C /* Category Snapshot.m4v in Resources */ = {isa = PBXBuildFile; fileRef = 040F7FA91A1FDF4700B17B4C /* Category Snapshot.m4v */; };
		040F7FAE1A1FDF6000B17B4C /* Key Manu.m4v in Resources */ = {isa = PBXBuildFile; fileRef = 040F7FAC1A1FDF6000B17B4C /* Key Manu.m4v */; };
		040F7FAF1A1FDF6000B17B4C /* Manu Snapshot.m4v in Resources */ = {isa = PBXBuildFile; fileRef = 040F7FAD1A1FDF6000B17B4C /* Manu Snapshot.m4v */; };
		040F7FB21A1FEFDC00B17B4C /* Price Range.m4v in Resources */ = {isa = PBXBuildFile; fileRef = 040F7FB01A1FEFDC00B17B4C /* Price Range.m4v */; };
		040F7FB31A1FEFDC00B17B4C /* (null) in Resources */ = {isa = PBXBuildFile; };
		040F7FB71A1FF01900B17B4C /* Assortment.m4v in Resources */ = {isa = PBXBuildFile; fileRef = 040F7FB51A1FF01900B17B4C /* Assortment.m4v */; };
		040F7FB81A1FF01900B17B4C /* Power Index.m4v in Resources */ = {isa = PBXBuildFile; fileRef = 040F7FB61A1FF01900B17B4C /* Power Index.m4v */; };
		040F7FBB1A1FF04600B17B4C /* Store Perform.m4v in Resources */ = {isa = PBXBuildFile; fileRef = 040F7FBA1A1FF04600B17B4C /* Store Perform.m4v */; };
		043BE62B1A1B956C007A6E72 /* AppDelegate.swift in Sources */ = {isa = PBXBuildFile; fileRef = 043BE62A1A1B956C007A6E72 /* AppDelegate.swift */; };
		043BE6301A1B956C007A6E72 /* Main.storyboard in Resources */ = {isa = PBXBuildFile; fileRef = 043BE62E1A1B956C007A6E72 /* Main.storyboard */; };
		043BE6321A1B956C007A6E72 /* Images.xcassets in Resources */ = {isa = PBXBuildFile; fileRef = 043BE6311A1B956C007A6E72 /* Images.xcassets */; };
		043BE6351A1B956C007A6E72 /* LaunchScreen.xib in Resources */ = {isa = PBXBuildFile; fileRef = 043BE6331A1B956C007A6E72 /* LaunchScreen.xib */; };
		043BE6411A1B956C007A6E72 /* SCANDTests.swift in Sources */ = {isa = PBXBuildFile; fileRef = 043BE6401A1B956C007A6E72 /* SCANDTests.swift */; };
		043BE64B1A1B95A8007A6E72 /* MediaPlayer.framework in Frameworks */ = {isa = PBXBuildFile; fileRef = 043BE64A1A1B95A8007A6E72 /* MediaPlayer.framework */; };
		043BE64D1A1B95B1007A6E72 /* QuartzCore.framework in Frameworks */ = {isa = PBXBuildFile; fileRef = 043BE64C1A1B95B1007A6E72 /* QuartzCore.framework */; };
		043BE6561A1B96AE007A6E72 /* BaseViewController.swift in Sources */ = {isa = PBXBuildFile; fileRef = 043BE6521A1B96AE007A6E72 /* BaseViewController.swift */; };
		043BE6571A1B96AE007A6E72 /* VideoController.swift in Sources */ = {isa = PBXBuildFile; fileRef = 043BE6531A1B96AE007A6E72 /* VideoController.swift */; };
		043BE6591A1B96AE007A6E72 /* ViewController.swift in Sources */ = {isa = PBXBuildFile; fileRef = 043BE6551A1B96AE007A6E72 /* ViewController.swift */; };
		043BE65F1A1B9879007A6E72 /* FromLeftToRightSegue.m in Sources */ = {isa = PBXBuildFile; fileRef = 043BE65C1A1B9879007A6E72 /* FromLeftToRightSegue.m */; };
		043BE6601A1B9879007A6E72 /* FromRightToLeftSegue.m in Sources */ = {isa = PBXBuildFile; fileRef = 043BE65E1A1B9879007A6E72 /* FromRightToLeftSegue.m */; };
		043BE6621A1B9DC3007A6E72 /* DashBoardController.swift in Sources */ = {isa = PBXBuildFile; fileRef = 043BE6611A1B9DC3007A6E72 /* DashBoardController.swift */; };
		043BE6641A1BACB2007A6E72 /* TransitionManager.swift in Sources */ = {isa = PBXBuildFile; fileRef = 043BE6631A1BACB2007A6E72 /* TransitionManager.swift */; };
		043BE66A1A1BE646007A6E72 /* BaseScanDController.swift in Sources */ = {isa = PBXBuildFile; fileRef = 043BE6691A1BE646007A6E72 /* BaseScanDController.swift */; };
		043BE69A1A1CE82A007A6E72 /* StartController.swift in Sources */ = {isa = PBXBuildFile; fileRef = 043BE6991A1CE82A007A6E72 /* StartController.swift */; };
		043BE69C1A1CE8D6007A6E72 /* SectionController.swift in Sources */ = {isa = PBXBuildFile; fileRef = 043BE69B1A1CE8D6007A6E72 /* SectionController.swift */; };
		043BE69E1A1D46CD007A6E72 /* MenuController.swift in Sources */ = {isa = PBXBuildFile; fileRef = 043BE69D1A1D46CD007A6E72 /* MenuController.swift */; };
		043BE6A01A1EA90F007A6E72 /* SectionBaseController.swift in Sources */ = {isa = PBXBuildFile; fileRef = 043BE69F1A1EA90F007A6E72 /* SectionBaseController.swift */; };
		04C54E281A35F7C300224299 /* 1_SCAND_dashboard_templates_Landing_Assortent_Portfolio.png in Resources */ = {isa = PBXBuildFile; fileRef = 04C54E231A35F7C300224299 /* 1_SCAND_dashboard_templates_Landing_Assortent_Portfolio.png */; };
		04C54E291A35F7C300224299 /* _SCAND_dashboard_templates_Assortment_analysis.png in Resources */ = {isa = PBXBuildFile; fileRef = 04C54E241A35F7C300224299 /* _SCAND_dashboard_templates_Assortment_analysis.png */; };
		04C54E2A1A35F7C300224299 /* _SCAND_dashboard_templates_Power_Index.png in Resources */ = {isa = PBXBuildFile; fileRef = 04C54E251A35F7C300224299 /* _SCAND_dashboard_templates_Power_Index.png */; };
		04C54E2B1A35F7C300224299 /* _SCAND_dashboard_templates_Product_Ranking.png in Resources */ = {isa = PBXBuildFile; fileRef = 04C54E261A35F7C300224299 /* _SCAND_dashboard_templates_Product_Ranking.png */; };
		04C54E2C1A35F7C300224299 /* _SCAND_dashboard_templates_Product_Ranking.png.old.png in Resources */ = {isa = PBXBuildFile; fileRef = 04C54E271A35F7C300224299 /* _SCAND_dashboard_templates_Product_Ranking.png.old.png */; };
		04C54E421A35F7D500224299 /* 1_SCAND_dashboard_backgrounds-noscroll-1.jpg in Resources */ = {isa = PBXBuildFile; fileRef = 04C54E2F1A35F7D500224299 /* 1_SCAND_dashboard_backgrounds-noscroll-1.jpg */; };
		04C54E431A35F7D500224299 /* 1_SCAND_dashboard_backgrounds-noscroll-2.jpg in Resources */ = {isa = PBXBuildFile; fileRef = 04C54E301A35F7D500224299 /* 1_SCAND_dashboard_backgrounds-noscroll-2.jpg */; };
		04C54E441A35F7D500224299 /* 1_SCAND_dashboard_backgrounds-noscroll-3.jpg in Resources */ = {isa = PBXBuildFile; fileRef = 04C54E311A35F7D500224299 /* 1_SCAND_dashboard_backgrounds-noscroll-3.jpg */; };
		04C54E451A35F7D500224299 /* 1_SCAND_dashboard_backgrounds-noscroll-4.jpg in Resources */ = {isa = PBXBuildFile; fileRef = 04C54E321A35F7D500224299 /* 1_SCAND_dashboard_backgrounds-noscroll-4.jpg */; };
		04C54E461A35F7D500224299 /* 1_SCAND_dashboard_backgrounds-noscroll-5.jpg in Resources */ = {isa = PBXBuildFile; fileRef = 04C54E331A35F7D500224299 /* 1_SCAND_dashboard_backgrounds-noscroll-5.jpg */; };
		04C54E471A35F7D500224299 /* 1_SCAND_dashboard_templates_Landing_Category_Performance.png in Resources */ = {isa = PBXBuildFile; fileRef = 04C54E351A35F7D500224299 /* 1_SCAND_dashboard_templates_Landing_Category_Performance.png */; };
		04C54E481A35F7D500224299 /* _SCAND_dashboard_templates_Category_snapshot.png in Resources */ = {isa = PBXBuildFile; fileRef = 04C54E361A35F7D500224299 /* _SCAND_dashboard_templates_Category_snapshot.png */; };
		04C54E491A35F7D500224299 /* _SCAND_dashboard_templates_Key_Manufacturer.png in Resources */ = {isa = PBXBuildFile; fileRef = 04C54E371A35F7D500224299 /* _SCAND_dashboard_templates_Key_Manufacturer.png */; };
		04C54E4A1A35F7D500224299 /* _SCAND_dashboard_templates_Manufacturer_snapshot.png in Resources */ = {isa = PBXBuildFile; fileRef = 04C54E381A35F7D500224299 /* _SCAND_dashboard_templates_Manufacturer_snapshot.png */; };
		04C54E4B1A35F7D500224299 /* 1_SCAND_dashboard_templates_Landing_Pricing_Analysis.png in Resources */ = {isa = PBXBuildFile; fileRef = 04C54E3A1A35F7D500224299 /* 1_SCAND_dashboard_templates_Landing_Pricing_Analysis.png */; };
		04C54E4C1A35F7D500224299 /* _SCAND_dashboard_templates_Price_Range_analysis.png in Resources */ = {isa = PBXBuildFile; fileRef = 04C54E3B1A35F7D500224299 /* _SCAND_dashboard_templates_Price_Range_analysis.png */; };
		04C54E4D1A35F7D500224299 /* _SCAND_dashboard_templates_Price_Trend_analysis.png in Resources */ = {isa = PBXBuildFile; fileRef = 04C54E3C1A35F7D500224299 /* _SCAND_dashboard_templates_Price_Trend_analysis.png */; };
		04C54E4E1A35F7D500224299 /* 1_SCAND_dashboard_templates_Landing_Shopper_marketing.png in Resources */ = {isa = PBXBuildFile; fileRef = 04C54E3E1A35F7D500224299 /* 1_SCAND_dashboard_templates_Landing_Shopper_marketing.png */; };
		04C54E4F1A35F7D500224299 /* 1_SCAND_dashboard_templates_Landing_Store_Performance.png in Resources */ = {isa = PBXBuildFile; fileRef = 04C54E401A35F7D500224299 /* 1_SCAND_dashboard_templates_Landing_Store_Performance.png */; };
		04C54E501A35F7D500224299 /* _SCAND_dashboard_templates_Store_Performance.png in Resources */ = {isa = PBXBuildFile; fileRef = 04C54E411A35F7D500224299 /* _SCAND_dashboard_templates_Store_Performance.png */; };
		04C54E571A35F83500224299 /* SCAND_dashboard_templates_MENU.jpg in Resources */ = {isa = PBXBuildFile; fileRef = 04C54E511A35F83500224299 /* SCAND_dashboard_templates_MENU.jpg */; };
		04C54E581A35F83500224299 /* SCAND_home_table_of_contents.jpg in Resources */ = {isa = PBXBuildFile; fileRef = 04C54E521A35F83500224299 /* SCAND_home_table_of_contents.jpg */; };
		04C54E591A35F83500224299 /* SCAND_Loading-Start_page_11-18-14.jpg in Resources */ = {isa = PBXBuildFile; fileRef = 04C54E531A35F83500224299 /* SCAND_Loading-Start_page_11-18-14.jpg */; };
		04C54E5A1A35F83500224299 /* SCAND_type_of_data.jpg in Resources */ = {isa = PBXBuildFile; fileRef = 04C54E541A35F83500224299 /* SCAND_type_of_data.jpg */; };
		04C54E5B1A35F83500224299 /* SCAND_what_is_scanD.jpg in Resources */ = {isa = PBXBuildFile; fileRef = 04C54E551A35F83500224299 /* SCAND_what_is_scanD.jpg */; };
		04C54E5C1A35F83500224299 /* SCAND_what_you_need_to_start.jpg in Resources */ = {isa = PBXBuildFile; fileRef = 04C54E561A35F83500224299 /* SCAND_what_you_need_to_start.jpg */; };
		04C54E5F1A35F89300224299 /* _SCAND_dashboard_templates_Manufacturer_snapshot_03.png in Resources */ = {isa = PBXBuildFile; fileRef = 04C54E5D1A35F89300224299 /* _SCAND_dashboard_templates_Manufacturer_snapshot_03.png */; };
		04C54E601A35F89300224299 /* _SCAND_dashboard_templates_Manufacturer_snapshot_06.png in Resources */ = {isa = PBXBuildFile; fileRef = 04C54E5E1A35F89300224299 /* _SCAND_dashboard_templates_Manufacturer_snapshot_06.png */; };
		04DEEB611A251CAE00644F6F /* Price_Trend.m4v in Resources */ = {isa = PBXBuildFile; fileRef = 04DEEB601A251CAE00644F6F /* Price_Trend.m4v */; };
		04E1DF7D1AB085990076BB66 /* Scan-D-intro.mp4 in Resources */ = {isa = PBXBuildFile; fileRef = 04E1DF7C1AB085610076BB66 /* Scan-D-intro.mp4 */; };
/* End PBXBuildFile section */

/* Begin PBXContainerItemProxy section */
		043BE63B1A1B956C007A6E72 /* PBXContainerItemProxy */ = {
			isa = PBXContainerItemProxy;
			containerPortal = 043BE61D1A1B956C007A6E72 /* Project object */;
			proxyType = 1;
			remoteGlobalIDString = 043BE6241A1B956C007A6E72;
			remoteInfo = SCAND;
		};
/* End PBXContainerItemProxy section */

/* Begin PBXFileReference section */
		040F7FA91A1FDF4700B17B4C /* Category Snapshot.m4v */ = {isa = PBXFileReference; lastKnownFileType = file; name = "Category Snapshot.m4v"; path = "Video Resources/Category Performance/Category Snapshot.m4v"; sourceTree = "<group>"; };
		040F7FAC1A1FDF6000B17B4C /* Key Manu.m4v */ = {isa = PBXFileReference; lastKnownFileType = file; name = "Key Manu.m4v"; path = "Video Resources/Category Performance/Key Manu.m4v"; sourceTree = "<group>"; };
		040F7FAD1A1FDF6000B17B4C /* Manu Snapshot.m4v */ = {isa = PBXFileReference; lastKnownFileType = file; name = "Manu Snapshot.m4v"; path = "Video Resources/Category Performance/Manu Snapshot.m4v"; sourceTree = "<group>"; };
		040F7FB01A1FEFDC00B17B4C /* Price Range.m4v */ = {isa = PBXFileReference; lastKnownFileType = file; name = "Price Range.m4v"; path = "Video Resources/Pricing Analysis/Price Range.m4v"; sourceTree = "<group>"; };
		040F7FB51A1FF01900B17B4C /* Assortment.m4v */ = {isa = PBXFileReference; lastKnownFileType = file; name = Assortment.m4v; path = "Video Resources/Assortment Portfolio/Assortment.m4v"; sourceTree = "<group>"; };
		040F7FB61A1FF01900B17B4C /* Power Index.m4v */ = {isa = PBXFileReference; lastKnownFileType = file; name = "Power Index.m4v"; path = "Video Resources/Assortment Portfolio/Power Index.m4v"; sourceTree = "<group>"; };
		040F7FBA1A1FF04600B17B4C /* Store Perform.m4v */ = {isa = PBXFileReference; lastKnownFileType = file; name = "Store Perform.m4v"; path = "Video Resources/Store Performance/Store Perform.m4v"; sourceTree = "<group>"; };
		043BE6251A1B956C007A6E72 /* SCAND.app */ = {isa = PBXFileReference; explicitFileType = wrapper.application; includeInIndex = 0; path = SCAND.app; sourceTree = BUILT_PRODUCTS_DIR; };
		043BE6291A1B956C007A6E72 /* Info.plist */ = {isa = PBXFileReference; lastKnownFileType = text.plist.xml; path = Info.plist; sourceTree = "<group>"; };
		043BE62A1A1B956C007A6E72 /* AppDelegate.swift */ = {isa = PBXFileReference; lastKnownFileType = sourcecode.swift; path = AppDelegate.swift; sourceTree = "<group>"; };
		043BE62F1A1B956C007A6E72 /* Base */ = {isa = PBXFileReference; lastKnownFileType = file.storyboard; name = Base; path = Base.lproj/Main.storyboard; sourceTree = "<group>"; };
		043BE6311A1B956C007A6E72 /* Images.xcassets */ = {isa = PBXFileReference; lastKnownFileType = folder.assetcatalog; path = Images.xcassets; sourceTree = "<group>"; };
		043BE6341A1B956C007A6E72 /* Base */ = {isa = PBXFileReference; lastKnownFileType = file.xib; name = Base; path = Base.lproj/LaunchScreen.xib; sourceTree = "<group>"; };
		043BE63A1A1B956C007A6E72 /* SCANDTests.xctest */ = {isa = PBXFileReference; explicitFileType = wrapper.cfbundle; includeInIndex = 0; path = SCANDTests.xctest; sourceTree = BUILT_PRODUCTS_DIR; };
		043BE63F1A1B956C007A6E72 /* Info.plist */ = {isa = PBXFileReference; lastKnownFileType = text.plist.xml; path = Info.plist; sourceTree = "<group>"; };
		043BE6401A1B956C007A6E72 /* SCANDTests.swift */ = {isa = PBXFileReference; lastKnownFileType = sourcecode.swift; path = SCANDTests.swift; sourceTree = "<group>"; };
		043BE64A1A1B95A8007A6E72 /* MediaPlayer.framework */ = {isa = PBXFileReference; lastKnownFileType = wrapper.framework; name = MediaPlayer.framework; path = System/Library/Frameworks/MediaPlayer.framework; sourceTree = SDKROOT; };
		043BE64C1A1B95B1007A6E72 /* QuartzCore.framework */ = {isa = PBXFileReference; lastKnownFileType = wrapper.framework; name = QuartzCore.framework; path = System/Library/Frameworks/QuartzCore.framework; sourceTree = SDKROOT; };
		043BE6521A1B96AE007A6E72 /* BaseViewController.swift */ = {isa = PBXFileReference; fileEncoding = 4; lastKnownFileType = sourcecode.swift; path = BaseViewController.swift; sourceTree = "<group>"; };
		043BE6531A1B96AE007A6E72 /* VideoController.swift */ = {isa = PBXFileReference; fileEncoding = 4; lastKnownFileType = sourcecode.swift; path = VideoController.swift; sourceTree = "<group>"; };
		043BE6551A1B96AE007A6E72 /* ViewController.swift */ = {isa = PBXFileReference; fileEncoding = 4; lastKnownFileType = sourcecode.swift; path = ViewController.swift; sourceTree = "<group>"; };
		043BE65B1A1B9879007A6E72 /* FromLeftToRightSegue.h */ = {isa = PBXFileReference; fileEncoding = 4; lastKnownFileType = sourcecode.c.h; path = FromLeftToRightSegue.h; sourceTree = "<group>"; };
		043BE65C1A1B9879007A6E72 /* FromLeftToRightSegue.m */ = {isa = PBXFileReference; fileEncoding = 4; lastKnownFileType = sourcecode.c.objc; path = FromLeftToRightSegue.m; sourceTree = "<group>"; };
		043BE65D1A1B9879007A6E72 /* FromRightToLeftSegue.h */ = {isa = PBXFileReference; fileEncoding = 4; lastKnownFileType = sourcecode.c.h; path = FromRightToLeftSegue.h; sourceTree = "<group>"; };
		043BE65E1A1B9879007A6E72 /* FromRightToLeftSegue.m */ = {isa = PBXFileReference; fileEncoding = 4; lastKnownFileType = sourcecode.c.objc; path = FromRightToLeftSegue.m; sourceTree = "<group>"; };
		043BE6611A1B9DC3007A6E72 /* DashBoardController.swift */ = {isa = PBXFileReference; fileEncoding = 4; lastKnownFileType = sourcecode.swift; path = DashBoardController.swift; sourceTree = "<group>"; };
		043BE6631A1BACB2007A6E72 /* TransitionManager.swift */ = {isa = PBXFileReference; fileEncoding = 4; lastKnownFileType = sourcecode.swift; path = TransitionManager.swift; sourceTree = "<group>"; };
		043BE6691A1BE646007A6E72 /* BaseScanDController.swift */ = {isa = PBXFileReference; fileEncoding = 4; lastKnownFileType = sourcecode.swift; path = BaseScanDController.swift; sourceTree = "<group>"; };
		043BE6991A1CE82A007A6E72 /* StartController.swift */ = {isa = PBXFileReference; fileEncoding = 4; lastKnownFileType = sourcecode.swift; path = StartController.swift; sourceTree = "<group>"; };
		043BE69B1A1CE8D6007A6E72 /* SectionController.swift */ = {isa = PBXFileReference; fileEncoding = 4; lastKnownFileType = sourcecode.swift; path = SectionController.swift; sourceTree = "<group>"; };
		043BE69D1A1D46CD007A6E72 /* MenuController.swift */ = {isa = PBXFileReference; fileEncoding = 4; lastKnownFileType = sourcecode.swift; path = MenuController.swift; sourceTree = "<group>"; };
		043BE69F1A1EA90F007A6E72 /* SectionBaseController.swift */ = {isa = PBXFileReference; fileEncoding = 4; lastKnownFileType = sourcecode.swift; path = SectionBaseController.swift; sourceTree = "<group>"; };
		04C54E231A35F7C300224299 /* 1_SCAND_dashboard_templates_Landing_Assortent_Portfolio.png */ = {isa = PBXFileReference; lastKnownFileType = image.png; path = 1_SCAND_dashboard_templates_Landing_Assortent_Portfolio.png; sourceTree = "<group>"; };
		04C54E241A35F7C300224299 /* _SCAND_dashboard_templates_Assortment_analysis.png */ = {isa = PBXFileReference; lastKnownFileType = image.png; path = _SCAND_dashboard_templates_Assortment_analysis.png; sourceTree = "<group>"; };
		04C54E251A35F7C300224299 /* _SCAND_dashboard_templates_Power_Index.png */ = {isa = PBXFileReference; lastKnownFileType = image.png; path = _SCAND_dashboard_templates_Power_Index.png; sourceTree = "<group>"; };
		04C54E261A35F7C300224299 /* _SCAND_dashboard_templates_Product_Ranking.png */ = {isa = PBXFileReference; lastKnownFileType = image.png; path = _SCAND_dashboard_templates_Product_Ranking.png; sourceTree = "<group>"; };
		04C54E271A35F7C300224299 /* _SCAND_dashboard_templates_Product_Ranking.png.old.png */ = {isa = PBXFileReference; lastKnownFileType = image.png; path = _SCAND_dashboard_templates_Product_Ranking.png.old.png; sourceTree = "<group>"; };
		04C54E2F1A35F7D500224299 /* 1_SCAND_dashboard_backgrounds-noscroll-1.jpg */ = {isa = PBXFileReference; lastKnownFileType = image.jpeg; path = "1_SCAND_dashboard_backgrounds-noscroll-1.jpg"; sourceTree = "<group>"; };
		04C54E301A35F7D500224299 /* 1_SCAND_dashboard_backgrounds-noscroll-2.jpg */ = {isa = PBXFileReference; lastKnownFileType = image.jpeg; path = "1_SCAND_dashboard_backgrounds-noscroll-2.jpg"; sourceTree = "<group>"; };
		04C54E311A35F7D500224299 /* 1_SCAND_dashboard_backgrounds-noscroll-3.jpg */ = {isa = PBXFileReference; lastKnownFileType = image.jpeg; path = "1_SCAND_dashboard_backgrounds-noscroll-3.jpg"; sourceTree = "<group>"; };
		04C54E321A35F7D500224299 /* 1_SCAND_dashboard_backgrounds-noscroll-4.jpg */ = {isa = PBXFileReference; lastKnownFileType = image.jpeg; path = "1_SCAND_dashboard_backgrounds-noscroll-4.jpg"; sourceTree = "<group>"; };
		04C54E331A35F7D500224299 /* 1_SCAND_dashboard_backgrounds-noscroll-5.jpg */ = {isa = PBXFileReference; lastKnownFileType = image.jpeg; path = "1_SCAND_dashboard_backgrounds-noscroll-5.jpg"; sourceTree = "<group>"; };
		04C54E351A35F7D500224299 /* 1_SCAND_dashboard_templates_Landing_Category_Performance.png */ = {isa = PBXFileReference; lastKnownFileType = image.png; path = 1_SCAND_dashboard_templates_Landing_Category_Performance.png; sourceTree = "<group>"; };
		04C54E361A35F7D500224299 /* _SCAND_dashboard_templates_Category_snapshot.png */ = {isa = PBXFileReference; lastKnownFileType = image.png; path = _SCAND_dashboard_templates_Category_snapshot.png; sourceTree = "<group>"; };
		04C54E371A35F7D500224299 /* _SCAND_dashboard_templates_Key_Manufacturer.png */ = {isa = PBXFileReference; lastKnownFileType = image.png; path = _SCAND_dashboard_templates_Key_Manufacturer.png; sourceTree = "<group>"; };
		04C54E381A35F7D500224299 /* _SCAND_dashboard_templates_Manufacturer_snapshot.png */ = {isa = PBXFileReference; lastKnownFileType = image.png; path = _SCAND_dashboard_templates_Manufacturer_snapshot.png; sourceTree = "<group>"; };
		04C54E3A1A35F7D500224299 /* 1_SCAND_dashboard_templates_Landing_Pricing_Analysis.png */ = {isa = PBXFileReference; lastKnownFileType = image.png; path = 1_SCAND_dashboard_templates_Landing_Pricing_Analysis.png; sourceTree = "<group>"; };
		04C54E3B1A35F7D500224299 /* _SCAND_dashboard_templates_Price_Range_analysis.png */ = {isa = PBXFileReference; lastKnownFileType = image.png; path = _SCAND_dashboard_templates_Price_Range_analysis.png; sourceTree = "<group>"; };
		04C54E3C1A35F7D500224299 /* _SCAND_dashboard_templates_Price_Trend_analysis.png */ = {isa = PBXFileReference; lastKnownFileType = image.png; path = _SCAND_dashboard_templates_Price_Trend_analysis.png; sourceTree = "<group>"; };
		04C54E3E1A35F7D500224299 /* 1_SCAND_dashboard_templates_Landing_Shopper_marketing.png */ = {isa = PBXFileReference; lastKnownFileType = image.png; path = 1_SCAND_dashboard_templates_Landing_Shopper_marketing.png; sourceTree = "<group>"; };
		04C54E401A35F7D500224299 /* 1_SCAND_dashboard_templates_Landing_Store_Performance.png */ = {isa = PBXFileReference; lastKnownFileType = image.png; path = 1_SCAND_dashboard_templates_Landing_Store_Performance.png; sourceTree = "<group>"; };
		04C54E411A35F7D500224299 /* _SCAND_dashboard_templates_Store_Performance.png */ = {isa = PBXFileReference; lastKnownFileType = image.png; path = _SCAND_dashboard_templates_Store_Performance.png; sourceTree = "<group>"; };
		04C54E511A35F83500224299 /* SCAND_dashboard_templates_MENU.jpg */ = {isa = PBXFileReference; lastKnownFileType = image.jpeg; name = SCAND_dashboard_templates_MENU.jpg; path = Resources/SCAND_dashboard_templates_MENU.jpg; sourceTree = "<group>"; };
		04C54E521A35F83500224299 /* SCAND_home_table_of_contents.jpg */ = {isa = PBXFileReference; lastKnownFileType = image.jpeg; name = SCAND_home_table_of_contents.jpg; path = Resources/SCAND_home_table_of_contents.jpg; sourceTree = "<group>"; };
		04C54E531A35F83500224299 /* SCAND_Loading-Start_page_11-18-14.jpg */ = {isa = PBXFileReference; lastKnownFileType = image.jpeg; name = "SCAND_Loading-Start_page_11-18-14.jpg"; path = "Resources/SCAND_Loading-Start_page_11-18-14.jpg"; sourceTree = "<group>"; };
		04C54E541A35F83500224299 /* SCAND_type_of_data.jpg */ = {isa = PBXFileReference; lastKnownFileType = image.jpeg; name = SCAND_type_of_data.jpg; path = Resources/SCAND_type_of_data.jpg; sourceTree = "<group>"; };
		04C54E551A35F83500224299 /* SCAND_what_is_scanD.jpg */ = {isa = PBXFileReference; lastKnownFileType = image.jpeg; name = SCAND_what_is_scanD.jpg; path = Resources/SCAND_what_is_scanD.jpg; sourceTree = "<group>"; };
		04C54E561A35F83500224299 /* SCAND_what_you_need_to_start.jpg */ = {isa = PBXFileReference; lastKnownFileType = image.jpeg; name = SCAND_what_you_need_to_start.jpg; path = Resources/SCAND_what_you_need_to_start.jpg; sourceTree = "<group>"; };
		04C54E5D1A35F89300224299 /* _SCAND_dashboard_templates_Manufacturer_snapshot_03.png */ = {isa = PBXFileReference; lastKnownFileType = image.png; name = _SCAND_dashboard_templates_Manufacturer_snapshot_03.png; path = Resources/_SCAND_dashboard_templates_Manufacturer_snapshot_03.png; sourceTree = "<group>"; };
		04C54E5E1A35F89300224299 /* _SCAND_dashboard_templates_Manufacturer_snapshot_06.png */ = {isa = PBXFileReference; lastKnownFileType = image.png; name = _SCAND_dashboard_templates_Manufacturer_snapshot_06.png; path = Resources/_SCAND_dashboard_templates_Manufacturer_snapshot_06.png; sourceTree = "<group>"; };
		04DEEB601A251CAE00644F6F /* Price_Trend.m4v */ = {isa = PBXFileReference; lastKnownFileType = file; name = Price_Trend.m4v; path = "Video Resources/Pricing Analysis/Price_Trend.m4v"; sourceTree = "<group>"; };
		04E1DF7C1AB085610076BB66 /* Scan-D-intro.mp4 */ = {isa = PBXFileReference; lastKnownFileType = file; path = "Scan-D-intro.mp4"; sourceTree = "<group>"; };
/* End PBXFileReference section */

/* Begin PBXFrameworksBuildPhase section */
		043BE6221A1B956C007A6E72 /* Frameworks */ = {
			isa = PBXFrameworksBuildPhase;
			buildActionMask = 2147483647;
			files = (
				043BE64D1A1B95B1007A6E72 /* QuartzCore.framework in Frameworks */,
				043BE64B1A1B95A8007A6E72 /* MediaPlayer.framework in Frameworks */,
			);
			runOnlyForDeploymentPostprocessing = 0;
		};
		043BE6371A1B956C007A6E72 /* Frameworks */ = {
			isa = PBXFrameworksBuildPhase;
			buildActionMask = 2147483647;
			files = (
			);
			runOnlyForDeploymentPostprocessing = 0;
		};
/* End PBXFrameworksBuildPhase section */

/* Begin PBXGroup section */
		040F7FAB1A1FDF4F00B17B4C /* Category Snapshot */ = {
			isa = PBXGroup;
			children = (
				040F7FAC1A1FDF6000B17B4C /* Key Manu.m4v */,
				040F7FAD1A1FDF6000B17B4C /* Manu Snapshot.m4v */,
				040F7FA91A1FDF4700B17B4C /* Category Snapshot.m4v */,
			);
			name = "Category Snapshot";
			sourceTree = "<group>";
		};
		040F7FB41A1FEFEA00B17B4C /* Pricing Analysis */ = {
			isa = PBXGroup;
			children = (
				04DEEB601A251CAE00644F6F /* Price_Trend.m4v */,
				040F7FB01A1FEFDC00B17B4C /* Price Range.m4v */,
			);
			name = "Pricing Analysis";
			sourceTree = "<group>";
		};
		040F7FB91A1FF02300B17B4C /* Assortment Portfolio */ = {
			isa = PBXGroup;
			children = (
				040F7FB51A1FF01900B17B4C /* Assortment.m4v */,
				040F7FB61A1FF01900B17B4C /* Power Index.m4v */,
			);
			name = "Assortment Portfolio";
			sourceTree = "<group>";
		};
		040F7FBC1A1FF04B00B17B4C /* Store Performance */ = {
			isa = PBXGroup;
			children = (
				040F7FBA1A1FF04600B17B4C /* Store Perform.m4v */,
			);
			name = "Store Performance";
			sourceTree = "<group>";
		};
		043BE61C1A1B956C007A6E72 = {
			isa = PBXGroup;
			children = (
				043BE64C1A1B95B1007A6E72 /* QuartzCore.framework */,
				043BE64A1A1B95A8007A6E72 /* MediaPlayer.framework */,
				043BE6271A1B956C007A6E72 /* SCAND */,
				043BE63D1A1B956C007A6E72 /* SCANDTests */,
				043BE6261A1B956C007A6E72 /* Products */,
			);
			sourceTree = "<group>";
		};
		043BE6261A1B956C007A6E72 /* Products */ = {
			isa = PBXGroup;
			children = (
				043BE6251A1B956C007A6E72 /* SCAND.app */,
				043BE63A1A1B956C007A6E72 /* SCANDTests.xctest */,
			);
			name = Products;
			sourceTree = "<group>";
		};
		043BE6271A1B956C007A6E72 /* SCAND */ = {
			isa = PBXGroup;
			children = (
				04C54E2D1A35F7C700224299 /* Images */,
				0487F08D1A1FD37900AD66D4 /* Videos */,
				043BE65A1A1B9879007A6E72 /* Segues */,
				043BE6511A1B96AE007A6E72 /* Controllers */,
				043BE62A1A1B956C007A6E72 /* AppDelegate.swift */,
				043BE62E1A1B956C007A6E72 /* Main.storyboard */,
				043BE6311A1B956C007A6E72 /* Images.xcassets */,
				043BE6331A1B956C007A6E72 /* LaunchScreen.xib */,
				043BE6281A1B956C007A6E72 /* Supporting Files */,
				043BE6631A1BACB2007A6E72 /* TransitionManager.swift */,
			);
			path = SCAND;
			sourceTree = "<group>";
		};
		043BE6281A1B956C007A6E72 /* Supporting Files */ = {
			isa = PBXGroup;
			children = (
				043BE6291A1B956C007A6E72 /* Info.plist */,
			);
			name = "Supporting Files";
			sourceTree = "<group>";
		};
		043BE63D1A1B956C007A6E72 /* SCANDTests */ = {
			isa = PBXGroup;
			children = (
				043BE6401A1B956C007A6E72 /* SCANDTests.swift */,
				043BE63E1A1B956C007A6E72 /* Supporting Files */,
			);
			path = SCANDTests;
			sourceTree = "<group>";
		};
		043BE63E1A1B956C007A6E72 /* Supporting Files */ = {
			isa = PBXGroup;
			children = (
				043BE63F1A1B956C007A6E72 /* Info.plist */,
			);
			name = "Supporting Files";
			sourceTree = "<group>";
		};
		043BE6511A1B96AE007A6E72 /* Controllers */ = {
			isa = PBXGroup;
			children = (
				043BE69D1A1D46CD007A6E72 /* MenuController.swift */,
				043BE6521A1B96AE007A6E72 /* BaseViewController.swift */,
				043BE6531A1B96AE007A6E72 /* VideoController.swift */,
				043BE6551A1B96AE007A6E72 /* ViewController.swift */,
				043BE6611A1B9DC3007A6E72 /* DashBoardController.swift */,
				043BE6691A1BE646007A6E72 /* BaseScanDController.swift */,
				043BE6991A1CE82A007A6E72 /* StartController.swift */,
				043BE69B1A1CE8D6007A6E72 /* SectionController.swift */,
				043BE69F1A1EA90F007A6E72 /* SectionBaseController.swift */,
			);
			path = Controllers;
			sourceTree = "<group>";
		};
		043BE65A1A1B9879007A6E72 /* Segues */ = {
			isa = PBXGroup;
			children = (
				043BE65B1A1B9879007A6E72 /* FromLeftToRightSegue.h */,
				043BE65C1A1B9879007A6E72 /* FromLeftToRightSegue.m */,
				043BE65D1A1B9879007A6E72 /* FromRightToLeftSegue.h */,
				043BE65E1A1B9879007A6E72 /* FromRightToLeftSegue.m */,
			);
			path = Segues;
			sourceTree = "<group>";
		};
		0487F08D1A1FD37900AD66D4 /* Videos */ = {
			isa = PBXGroup;
			children = (
				04E1DF7C1AB085610076BB66 /* Scan-D-intro.mp4 */,
				040F7FBC1A1FF04B00B17B4C /* Store Performance */,
				040F7FB91A1FF02300B17B4C /* Assortment Portfolio */,
				040F7FB41A1FEFEA00B17B4C /* Pricing Analysis */,
				040F7FAB1A1FDF4F00B17B4C /* Category Snapshot */,
			);
			name = Videos;
			sourceTree = "<group>";
		};
		04C54E221A35F7C300224299 /* Assortment Portfolio */ = {
			isa = PBXGroup;
			children = (
				04C54E231A35F7C300224299 /* 1_SCAND_dashboard_templates_Landing_Assortent_Portfolio.png */,
				04C54E241A35F7C300224299 /* _SCAND_dashboard_templates_Assortment_analysis.png */,
				04C54E251A35F7C300224299 /* _SCAND_dashboard_templates_Power_Index.png */,
				04C54E261A35F7C300224299 /* _SCAND_dashboard_templates_Product_Ranking.png */,
				04C54E271A35F7C300224299 /* _SCAND_dashboard_templates_Product_Ranking.png.old.png */,
			);
			name = "Assortment Portfolio";
			path = "Resources/Assortment Portfolio";
			sourceTree = "<group>";
		};
		04C54E2D1A35F7C700224299 /* Images */ = {
			isa = PBXGroup;
			children = (
				04C54E611A35F89C00224299 /* Resources */,
				04C54E2E1A35F7D500224299 /* Backgrounds */,
				04C54E341A35F7D500224299 /* Category Performance */,
				04C54E391A35F7D500224299 /* Pricing Analysis */,
				04C54E3D1A35F7D500224299 /* Shopper Marketing */,
				04C54E3F1A35F7D500224299 /* Store Performance */,
				04C54E221A35F7C300224299 /* Assortment Portfolio */,
			);
			name = Images;
			sourceTree = "<group>";
		};
		04C54E2E1A35F7D500224299 /* Backgrounds */ = {
			isa = PBXGroup;
			children = (
				04C54E2F1A35F7D500224299 /* 1_SCAND_dashboard_backgrounds-noscroll-1.jpg */,
				04C54E301A35F7D500224299 /* 1_SCAND_dashboard_backgrounds-noscroll-2.jpg */,
				04C54E311A35F7D500224299 /* 1_SCAND_dashboard_backgrounds-noscroll-3.jpg */,
				04C54E321A35F7D500224299 /* 1_SCAND_dashboard_backgrounds-noscroll-4.jpg */,
				04C54E331A35F7D500224299 /* 1_SCAND_dashboard_backgrounds-noscroll-5.jpg */,
			);
			name = Backgrounds;
			path = Resources/Backgrounds;
			sourceTree = "<group>";
		};
		04C54E341A35F7D500224299 /* Category Performance */ = {
			isa = PBXGroup;
			children = (
				04C54E351A35F7D500224299 /* 1_SCAND_dashboard_templates_Landing_Category_Performance.png */,
				04C54E361A35F7D500224299 /* _SCAND_dashboard_templates_Category_snapshot.png */,
				04C54E371A35F7D500224299 /* _SCAND_dashboard_templates_Key_Manufacturer.png */,
				04C54E381A35F7D500224299 /* _SCAND_dashboard_templates_Manufacturer_snapshot.png */,
			);
			name = "Category Performance";
			path = "Resources/Category Performance";
			sourceTree = "<group>";
		};
		04C54E391A35F7D500224299 /* Pricing Analysis */ = {
			isa = PBXGroup;
			children = (
				04C54E3A1A35F7D500224299 /* 1_SCAND_dashboard_templates_Landing_Pricing_Analysis.png */,
				04C54E3B1A35F7D500224299 /* _SCAND_dashboard_templates_Price_Range_analysis.png */,
				04C54E3C1A35F7D500224299 /* _SCAND_dashboard_templates_Price_Trend_analysis.png */,
			);
			name = "Pricing Analysis";
			path = "Resources/Pricing Analysis";
			sourceTree = "<group>";
		};
		04C54E3D1A35F7D500224299 /* Shopper Marketing */ = {
			isa = PBXGroup;
			children = (
				04C54E3E1A35F7D500224299 /* 1_SCAND_dashboard_templates_Landing_Shopper_marketing.png */,
			);
			name = "Shopper Marketing";
			path = "Resources/Shopper Marketing";
			sourceTree = "<group>";
		};
		04C54E3F1A35F7D500224299 /* Store Performance */ = {
			isa = PBXGroup;
			children = (
				04C54E401A35F7D500224299 /* 1_SCAND_dashboard_templates_Landing_Store_Performance.png */,
				04C54E411A35F7D500224299 /* _SCAND_dashboard_templates_Store_Performance.png */,
			);
			name = "Store Performance";
			path = "Resources/Store Performance";
			sourceTree = "<group>";
		};
		04C54E611A35F89C00224299 /* Resources */ = {
			isa = PBXGroup;
			children = (
				04C54E5D1A35F89300224299 /* _SCAND_dashboard_templates_Manufacturer_snapshot_03.png */,
				04C54E5E1A35F89300224299 /* _SCAND_dashboard_templates_Manufacturer_snapshot_06.png */,
				04C54E511A35F83500224299 /* SCAND_dashboard_templates_MENU.jpg */,
				04C54E521A35F83500224299 /* SCAND_home_table_of_contents.jpg */,
				04C54E531A35F83500224299 /* SCAND_Loading-Start_page_11-18-14.jpg */,
				04C54E541A35F83500224299 /* SCAND_type_of_data.jpg */,
				04C54E551A35F83500224299 /* SCAND_what_is_scanD.jpg */,
				04C54E561A35F83500224299 /* SCAND_what_you_need_to_start.jpg */,
			);
			name = Resources;
			sourceTree = "<group>";
		};
/* End PBXGroup section */

/* Begin PBXNativeTarget section */
		043BE6241A1B956C007A6E72 /* SCAND */ = {
			isa = PBXNativeTarget;
			buildConfigurationList = 043BE6441A1B956C007A6E72 /* Build configuration list for PBXNativeTarget "SCAND" */;
			buildPhases = (
				043BE6211A1B956C007A6E72 /* Sources */,
				043BE6221A1B956C007A6E72 /* Frameworks */,
				043BE6231A1B956C007A6E72 /* Resources */,
			);
			buildRules = (
			);
			dependencies = (
			);
			name = SCAND;
			productName = SCAND;
			productReference = 043BE6251A1B956C007A6E72 /* SCAND.app */;
			productType = "com.apple.product-type.application";
		};
		043BE6391A1B956C007A6E72 /* SCANDTests */ = {
			isa = PBXNativeTarget;
			buildConfigurationList = 043BE6471A1B956C007A6E72 /* Build configuration list for PBXNativeTarget "SCANDTests" */;
			buildPhases = (
				043BE6361A1B956C007A6E72 /* Sources */,
				043BE6371A1B956C007A6E72 /* Frameworks */,
				043BE6381A1B956C007A6E72 /* Resources */,
			);
			buildRules = (
			);
			dependencies = (
				043BE63C1A1B956C007A6E72 /* PBXTargetDependency */,
			);
			name = SCANDTests;
			productName = SCANDTests;
			productReference = 043BE63A1A1B956C007A6E72 /* SCANDTests.xctest */;
			productType = "com.apple.product-type.bundle.unit-test";
		};
/* End PBXNativeTarget section */

/* Begin PBXProject section */
		043BE61D1A1B956C007A6E72 /* Project object */ = {
			isa = PBXProject;
			attributes = {
				LastUpgradeCheck = 0610;
				ORGANIZATIONNAME = Sagepath;
				TargetAttributes = {
					043BE6241A1B956C007A6E72 = {
						CreatedOnToolsVersion = 6.1;
						DevelopmentTeam = 3PPLS28652;
					};
					043BE6391A1B956C007A6E72 = {
						CreatedOnToolsVersion = 6.1;
						TestTargetID = 043BE6241A1B956C007A6E72;
					};
				};
			};
			buildConfigurationList = 043BE6201A1B956C007A6E72 /* Build configuration list for PBXProject "SCAND" */;
			compatibilityVersion = "Xcode 3.2";
			developmentRegion = English;
			hasScannedForEncodings = 0;
			knownRegions = (
				en,
				Base,
			);
			mainGroup = 043BE61C1A1B956C007A6E72;
			productRefGroup = 043BE6261A1B956C007A6E72 /* Products */;
			projectDirPath = "";
			projectRoot = "";
			targets = (
				043BE6241A1B956C007A6E72 /* SCAND */,
				043BE6391A1B956C007A6E72 /* SCANDTests */,
			);
		};
/* End PBXProject section */

/* Begin PBXResourcesBuildPhase section */
		043BE6231A1B956C007A6E72 /* Resources */ = {
			isa = PBXResourcesBuildPhase;
			buildActionMask = 2147483647;
			files = (
				04E1DF7D1AB085990076BB66 /* Scan-D-intro.mp4 in Resources */,
				04C54E421A35F7D500224299 /* 1_SCAND_dashboard_backgrounds-noscroll-1.jpg in Resources */,
				04C54E461A35F7D500224299 /* 1_SCAND_dashboard_backgrounds-noscroll-5.jpg in Resources */,
				04C54E481A35F7D500224299 /* _SCAND_dashboard_templates_Category_snapshot.png in Resources */,
				04C54E601A35F89300224299 /* _SCAND_dashboard_templates_Manufacturer_snapshot_06.png in Resources */,
				040F7FB31A1FEFDC00B17B4C /* (null) in Resources */,
				040F7FAA1A1FDF4700B17B4C /* Category Snapshot.m4v in Resources */,
				040F7FAF1A1FDF6000B17B4C /* Manu Snapshot.m4v in Resources */,
				04C54E291A35F7C300224299 /* _SCAND_dashboard_templates_Assortment_analysis.png in Resources */,
				04C54E571A35F83500224299 /* SCAND_dashboard_templates_MENU.jpg in Resources */,
				04C54E4E1A35F7D500224299 /* 1_SCAND_dashboard_templates_Landing_Shopper_marketing.png in Resources */,
				04C54E501A35F7D500224299 /* _SCAND_dashboard_templates_Store_Performance.png in Resources */,
				04C54E431A35F7D500224299 /* 1_SCAND_dashboard_backgrounds-noscroll-2.jpg in Resources */,
				04C54E581A35F83500224299 /* SCAND_home_table_of_contents.jpg in Resources */,
				04C54E5C1A35F83500224299 /* SCAND_what_you_need_to_start.jpg in Resources */,
				04C54E471A35F7D500224299 /* 1_SCAND_dashboard_templates_Landing_Category_Performance.png in Resources */,
				04C54E5A1A35F83500224299 /* SCAND_type_of_data.jpg in Resources */,
				04C54E441A35F7D500224299 /* 1_SCAND_dashboard_backgrounds-noscroll-3.jpg in Resources */,
				040F7FB71A1FF01900B17B4C /* Assortment.m4v in Resources */,
				040F7FAE1A1FDF6000B17B4C /* Key Manu.m4v in Resources */,
				04C54E4D1A35F7D500224299 /* _SCAND_dashboard_templates_Price_Trend_analysis.png in Resources */,
				043BE6301A1B956C007A6E72 /* Main.storyboard in Resources */,
				04C54E5B1A35F83500224299 /* SCAND_what_is_scanD.jpg in Resources */,
				04C54E491A35F7D500224299 /* _SCAND_dashboard_templates_Key_Manufacturer.png in Resources */,
				040F7FBB1A1FF04600B17B4C /* Store Perform.m4v in Resources */,
				04C54E281A35F7C300224299 /* 1_SCAND_dashboard_templates_Landing_Assortent_Portfolio.png in Resources */,
				040F7FB21A1FEFDC00B17B4C /* Price Range.m4v in Resources */,
				04C54E4F1A35F7D500224299 /* 1_SCAND_dashboard_templates_Landing_Store_Performance.png in Resources */,
				043BE6351A1B956C007A6E72 /* LaunchScreen.xib in Resources */,
				04C54E2C1A35F7C300224299 /* _SCAND_dashboard_templates_Product_Ranking.png.old.png in Resources */,
				04C54E4B1A35F7D500224299 /* 1_SCAND_dashboard_templates_Landing_Pricing_Analysis.png in Resources */,
				04C54E591A35F83500224299 /* SCAND_Loading-Start_page_11-18-14.jpg in Resources */,
				04DEEB611A251CAE00644F6F /* Price_Trend.m4v in Resources */,
				04C54E451A35F7D500224299 /* 1_SCAND_dashboard_backgrounds-noscroll-4.jpg in Resources */,
				04C54E4C1A35F7D500224299 /* _SCAND_dashboard_templates_Price_Range_analysis.png in Resources */,
				04C54E2A1A35F7C300224299 /* _SCAND_dashboard_templates_Power_Index.png in Resources */,
				043BE6321A1B956C007A6E72 /* Images.xcassets in Resources */,
				04C54E5F1A35F89300224299 /* _SCAND_dashboard_templates_Manufacturer_snapshot_03.png in Resources */,
				04C54E4A1A35F7D500224299 /* _SCAND_dashboard_templates_Manufacturer_snapshot.png in Resources */,
				040F7FB81A1FF01900B17B4C /* Power Index.m4v in Resources */,
				04C54E2B1A35F7C300224299 /* _SCAND_dashboard_templates_Product_Ranking.png in Resources */,
			);
			runOnlyForDeploymentPostprocessing = 0;
		};
		043BE6381A1B956C007A6E72 /* Resources */ = {
			isa = PBXResourcesBuildPhase;
			buildActionMask = 2147483647;
			files = (
			);
			runOnlyForDeploymentPostprocessing = 0;
		};
/* End PBXResourcesBuildPhase section */

/* Begin PBXSourcesBuildPhase section */
		043BE6211A1B956C007A6E72 /* Sources */ = {
			isa = PBXSourcesBuildPhase;
			buildActionMask = 2147483647;
			files = (
				043BE6621A1B9DC3007A6E72 /* DashBoardController.swift in Sources */,
				043BE66A1A1BE646007A6E72 /* BaseScanDController.swift in Sources */,
				043BE6591A1B96AE007A6E72 /* ViewController.swift in Sources */,
				043BE6A01A1EA90F007A6E72 /* SectionBaseController.swift in Sources */,
				043BE6571A1B96AE007A6E72 /* VideoController.swift in Sources */,
				043BE62B1A1B956C007A6E72 /* AppDelegate.swift in Sources */,
				043BE65F1A1B9879007A6E72 /* FromLeftToRightSegue.m in Sources */,
				043BE69A1A1CE82A007A6E72 /* StartController.swift in Sources */,
				043BE6601A1B9879007A6E72 /* FromRightToLeftSegue.m in Sources */,
				043BE6641A1BACB2007A6E72 /* TransitionManager.swift in Sources */,
				043BE6561A1B96AE007A6E72 /* BaseViewController.swift in Sources */,
				043BE69E1A1D46CD007A6E72 /* MenuController.swift in Sources */,
				043BE69C1A1CE8D6007A6E72 /* SectionController.swift in Sources */,
			);
			runOnlyForDeploymentPostprocessing = 0;
		};
		043BE6361A1B956C007A6E72 /* Sources */ = {
			isa = PBXSourcesBuildPhase;
			buildActionMask = 2147483647;
			files = (
				043BE6411A1B956C007A6E72 /* SCANDTests.swift in Sources */,
			);
			runOnlyForDeploymentPostprocessing = 0;
		};
/* End PBXSourcesBuildPhase section */

/* Begin PBXTargetDependency section */
		043BE63C1A1B956C007A6E72 /* PBXTargetDependency */ = {
			isa = PBXTargetDependency;
			target = 043BE6241A1B956C007A6E72 /* SCAND */;
			targetProxy = 043BE63B1A1B956C007A6E72 /* PBXContainerItemProxy */;
		};
/* End PBXTargetDependency section */

/* Begin PBXVariantGroup section */
		043BE62E1A1B956C007A6E72 /* Main.storyboard */ = {
			isa = PBXVariantGroup;
			children = (
				043BE62F1A1B956C007A6E72 /* Base */,
			);
			name = Main.storyboard;
			sourceTree = "<group>";
		};
		043BE6331A1B956C007A6E72 /* LaunchScreen.xib */ = {
			isa = PBXVariantGroup;
			children = (
				043BE6341A1B956C007A6E72 /* Base */,
			);
			name = LaunchScreen.xib;
			sourceTree = "<group>";
		};
/* End PBXVariantGroup section */

/* Begin XCBuildConfiguration section */
		043BE6421A1B956C007A6E72 /* Debug */ = {
			isa = XCBuildConfiguration;
			buildSettings = {
				ALWAYS_SEARCH_USER_PATHS = NO;
				CLANG_CXX_LANGUAGE_STANDARD = "gnu++0x";
				CLANG_CXX_LIBRARY = "libc++";
				CLANG_ENABLE_MODULES = YES;
				CLANG_ENABLE_OBJC_ARC = YES;
				CLANG_WARN_BOOL_CONVERSION = YES;
				CLANG_WARN_CONSTANT_CONVERSION = YES;
				CLANG_WARN_DIRECT_OBJC_ISA_USAGE = YES_ERROR;
				CLANG_WARN_EMPTY_BODY = YES;
				CLANG_WARN_ENUM_CONVERSION = YES;
				CLANG_WARN_INT_CONVERSION = YES;
				CLANG_WARN_OBJC_ROOT_CLASS = YES_ERROR;
				CLANG_WARN_UNREACHABLE_CODE = YES;
				CLANG_WARN__DUPLICATE_METHOD_MATCH = YES;
				"CODE_SIGN_IDENTITY[sdk=iphoneos*]" = "iPhone Developer";
				COPY_PHASE_STRIP = NO;
				ENABLE_STRICT_OBJC_MSGSEND = YES;
				GCC_C_LANGUAGE_STANDARD = gnu99;
				GCC_DYNAMIC_NO_PIC = NO;
				GCC_OPTIMIZATION_LEVEL = 0;
				GCC_PREPROCESSOR_DEFINITIONS = (
					"DEBUG=1",
					"$(inherited)",
				);
				GCC_SYMBOLS_PRIVATE_EXTERN = NO;
				GCC_WARN_64_TO_32_BIT_CONVERSION = YES;
				GCC_WARN_ABOUT_RETURN_TYPE = YES_ERROR;
				GCC_WARN_UNDECLARED_SELECTOR = YES;
				GCC_WARN_UNINITIALIZED_AUTOS = YES_AGGRESSIVE;
				GCC_WARN_UNUSED_FUNCTION = YES;
				GCC_WARN_UNUSED_VARIABLE = YES;
				IPHONEOS_DEPLOYMENT_TARGET = 8.1;
				MTL_ENABLE_DEBUG_INFO = YES;
				ONLY_ACTIVE_ARCH = YES;
				SDKROOT = iphoneos;
				SWIFT_OPTIMIZATION_LEVEL = "-Onone";
				TARGETED_DEVICE_FAMILY = 2;
			};
			name = Debug;
		};
		043BE6431A1B956C007A6E72 /* Release */ = {
			isa = XCBuildConfiguration;
			buildSettings = {
				ALWAYS_SEARCH_USER_PATHS = NO;
				CLANG_CXX_LANGUAGE_STANDARD = "gnu++0x";
				CLANG_CXX_LIBRARY = "libc++";
				CLANG_ENABLE_MODULES = YES;
				CLANG_ENABLE_OBJC_ARC = YES;
				CLANG_WARN_BOOL_CONVERSION = YES;
				CLANG_WARN_CONSTANT_CONVERSION = YES;
				CLANG_WARN_DIRECT_OBJC_ISA_USAGE = YES_ERROR;
				CLANG_WARN_EMPTY_BODY = YES;
				CLANG_WARN_ENUM_CONVERSION = YES;
				CLANG_WARN_INT_CONVERSION = YES;
				CLANG_WARN_OBJC_ROOT_CLASS = YES_ERROR;
				CLANG_WARN_UNREACHABLE_CODE = YES;
				CLANG_WARN__DUPLICATE_METHOD_MATCH = YES;
				"CODE_SIGN_IDENTITY[sdk=iphoneos*]" = "iPhone Developer";
				COPY_PHASE_STRIP = YES;
				ENABLE_NS_ASSERTIONS = NO;
				ENABLE_STRICT_OBJC_MSGSEND = YES;
				GCC_C_LANGUAGE_STANDARD = gnu99;
				GCC_WARN_64_TO_32_BIT_CONVERSION = YES;
				GCC_WARN_ABOUT_RETURN_TYPE = YES_ERROR;
				GCC_WARN_UNDECLARED_SELECTOR = YES;
				GCC_WARN_UNINITIALIZED_AUTOS = YES_AGGRESSIVE;
				GCC_WARN_UNUSED_FUNCTION = YES;
				GCC_WARN_UNUSED_VARIABLE = YES;
				IPHONEOS_DEPLOYMENT_TARGET = 8.1;
				MTL_ENABLE_DEBUG_INFO = NO;
				SDKROOT = iphoneos;
				TARGETED_DEVICE_FAMILY = 2;
				VALIDATE_PRODUCT = YES;
			};
			name = Release;
		};
		043BE6451A1B956C007A6E72 /* Debug */ = {
			isa = XCBuildConfiguration;
			buildSettings = {
				ASSETCATALOG_COMPILER_APPICON_NAME = AppIcon;
				CODE_SIGN_IDENTITY = "iPhone Developer";
				"CODE_SIGN_IDENTITY[sdk=iphoneos*]" = "iPhone Developer";
				INFOPLIST_FILE = SCAND/Info.plist;
				IPHONEOS_DEPLOYMENT_TARGET = 8.1;
				LD_RUNPATH_SEARCH_PATHS = "$(inherited) @executable_path/Frameworks";
				PRODUCT_NAME = "$(TARGET_NAME)";
				PROVISIONING_PROFILE = "";
			};
			name = Debug;
		};
		043BE6461A1B956C007A6E72 /* Release */ = {
			isa = XCBuildConfiguration;
			buildSettings = {
				ASSETCATALOG_COMPILER_APPICON_NAME = AppIcon;
				CODE_SIGN_IDENTITY = "iPhone Developer";
				"CODE_SIGN_IDENTITY[sdk=iphoneos*]" = "iPhone Developer";
				INFOPLIST_FILE = SCAND/Info.plist;
				IPHONEOS_DEPLOYMENT_TARGET = 8.1;
				LD_RUNPATH_SEARCH_PATHS = "$(inherited) @executable_path/Frameworks";
				PRODUCT_NAME = "$(TARGET_NAME)";
				PROVISIONING_PROFILE = "";
			};
			name = Release;
		};
		043BE6481A1B956C007A6E72 /* Debug */ = {
			isa = XCBuildConfiguration;
			buildSettings = {
				BUNDLE_LOADER = "$(TEST_HOST)";
				FRAMEWORK_SEARCH_PATHS = (
					"$(SDKROOT)/Developer/Library/Frameworks",
					"$(inherited)",
				);
				GCC_PREPROCESSOR_DEFINITIONS = (
					"DEBUG=1",
					"$(inherited)",
				);
				INFOPLIST_FILE = SCANDTests/Info.plist;
				LD_RUNPATH_SEARCH_PATHS = "$(inherited) @executable_path/Frameworks @loader_path/Frameworks";
				PRODUCT_NAME = "$(TARGET_NAME)";
				TEST_HOST = "$(BUILT_PRODUCTS_DIR)/SCAND.app/SCAND";
			};
			name = Debug;
		};
		043BE6491A1B956C007A6E72 /* Release */ = {
			isa = XCBuildConfiguration;
			buildSettings = {
				BUNDLE_LOADER = "$(TEST_HOST)";
				FRAMEWORK_SEARCH_PATHS = (
					"$(SDKROOT)/Developer/Library/Frameworks",
					"$(inherited)",
				);
				INFOPLIST_FILE = SCANDTests/Info.plist;
				LD_RUNPATH_SEARCH_PATHS = "$(inherited) @executable_path/Frameworks @loader_path/Frameworks";
				PRODUCT_NAME = "$(TARGET_NAME)";
				TEST_HOST = "$(BUILT_PRODUCTS_DIR)/SCAND.app/SCAND";
			};
			name = Release;
		};
/* End XCBuildConfiguration section */

/* Begin XCConfigurationList section */
		043BE6201A1B956C007A6E72 /* Build configuration list for PBXProject "SCAND" */ = {
			isa = XCConfigurationList;
			buildConfigurations = (
				043BE6421A1B956C007A6E72 /* Debug */,
				043BE6431A1B956C007A6E72 /* Release */,
			);
			defaultConfigurationIsVisible = 0;
			defaultConfigurationName = Release;
		};
		043BE6441A1B956C007A6E72 /* Build configuration list for PBXNativeTarget "SCAND" */ = {
			isa = XCConfigurationList;
			buildConfigurations = (
				043BE6451A1B956C007A6E72 /* Debug */,
				043BE6461A1B956C007A6E72 /* Release */,
			);
			defaultConfigurationIsVisible = 0;
			defaultConfigurationName = Release;
		};
		043BE6471A1B956C007A6E72 /* Build configuration list for PBXNativeTarget "SCANDTests" */ = {
			isa = XCConfigurationList;
			buildConfigurations = (
				043BE6481A1B956C007A6E72 /* Debug */,
				043BE6491A1B956C007A6E72 /* Release */,
			);
			defaultConfigurationIsVisible = 0;
			defaultConfigurationName = Release;
		};
/* End XCConfigurationList section */
	};
	rootObject = 043BE61D1A1B956C007A6E72 /* Project object */;
}
